
Microsoft Visual Studio Solution File, Format Version 12.00
# Visual Studio 15
VisualStudioVersion = 15.0.27703.2026
MinimumVisualStudioVersion = 10.0.40219.1
Project("{FAE04EC0-301F-11D3-BF4B-00C04F79EFBC}") = "VSslnToCMakePlugin", "VSslnToCMakePlugin\VSslnToCMakePlugin.csproj", "{CC5ADEE6-B6B1-4DBE-BEBC-926DB46A701B}"
EndProject
Project("{FAE04EC0-301F-11D3-BF4B-00C04F79EFBC}") = "VSslnToCMakeVs2017", "VSslnToCMake\VSslnToCMakeVs2017.csproj", "{55FB38D7-7FE9-4048-884A-CF54BC6789A8}"
EndProject
Project("{FAE04EC0-301F-11D3-BF4B-00C04F79EFBC}") = "VSslnToCMakeVs2015", "VSslnToCMake\VSslnToCMakeVs2015.csproj", "{AB8837F3-5BFD-4820-A1EF-D31A6D5C51A3}"
EndProject
Project("{FAE04EC0-301F-11D3-BF4B-00C04F79EFBC}") = "VSslnToCMakeCUI", "VSslnToCMakeCUI\VSslnToCMakeCUI.csproj", "{76C18244-0633-495A-9B14-61ED9DDC18E1}"
EndProject
Project("{FAE04EC0-301F-11D3-BF4B-00C04F79EFBC}") = "VSslnToCMake", "VSslnToCMake\VSslnToCMake.csproj", "{475D0451-2A19-4754-BD1B-6DD727A7D827}"
EndProject
Project("{FAE04EC0-301F-11D3-BF4B-00C04F79EFBC}") = "UnitTest", "UnitTest\UnitTest.csproj", "{60761731-120A-4BE2-9B0A-AEA2AD8BE100}"
EndProject
Global
	GlobalSection(SolutionConfigurationPlatforms) = preSolution
		Debug|Any CPU = Debug|Any CPU
		Release|Any CPU = Release|Any CPU
	EndGlobalSection
	GlobalSection(ProjectConfigurationPlatforms) = postSolution
		{CC5ADEE6-B6B1-4DBE-BEBC-926DB46A701B}.Debug|Any CPU.ActiveCfg = Debug|Any CPU
		{CC5ADEE6-B6B1-4DBE-BEBC-926DB46A701B}.Debug|Any CPU.Build.0 = Debug|Any CPU
		{CC5ADEE6-B6B1-4DBE-BEBC-926DB46A701B}.Release|Any CPU.ActiveCfg = Release|Any CPU
		{CC5ADEE6-B6B1-4DBE-BEBC-926DB46A701B}.Release|Any CPU.Build.0 = Release|Any CPU
		{55FB38D7-7FE9-4048-884A-CF54BC6789A8}.Debug|Any CPU.ActiveCfg = Debug|Any CPU
		{55FB38D7-7FE9-4048-884A-CF54BC6789A8}.Debug|Any CPU.Build.0 = Debug|Any CPU
		{55FB38D7-7FE9-4048-884A-CF54BC6789A8}.Release|Any CPU.ActiveCfg = Release|Any CPU
		{55FB38D7-7FE9-4048-884A-CF54BC6789A8}.Release|Any CPU.Build.0 = Release|Any CPU
		{AB8837F3-5BFD-4820-A1EF-D31A6D5C51A3}.Debug|Any CPU.ActiveCfg = Debug|Any CPU
		{AB8837F3-5BFD-4820-A1EF-D31A6D5C51A3}.Debug|Any CPU.Build.0 = Debug|Any CPU
		{AB8837F3-5BFD-4820-A1EF-D31A6D5C51A3}.Release|Any CPU.ActiveCfg = Release|Any CPU
		{AB8837F3-5BFD-4820-A1EF-D31A6D5C51A3}.Release|Any CPU.Build.0 = Release|Any CPU
		{76C18244-0633-495A-9B14-61ED9DDC18E1}.Debug|Any CPU.ActiveCfg = Debug|Any CPU
		{76C18244-0633-495A-9B14-61ED9DDC18E1}.Debug|Any CPU.Build.0 = Debug|Any CPU
		{76C18244-0633-495A-9B14-61ED9DDC18E1}.Release|Any CPU.ActiveCfg = Release|Any CPU
		{76C18244-0633-495A-9B14-61ED9DDC18E1}.Release|Any CPU.Build.0 = Release|Any CPU
		{475D0451-2A19-4754-BD1B-6DD727A7D827}.Debug|Any CPU.ActiveCfg = Debug|Any CPU
		{475D0451-2A19-4754-BD1B-6DD727A7D827}.Debug|Any CPU.Build.0 = Debug|Any CPU
		{475D0451-2A19-4754-BD1B-6DD727A7D827}.Release|Any CPU.ActiveCfg = Release|Any CPU
		{475D0451-2A19-4754-BD1B-6DD727A7D827}.Release|Any CPU.Build.0 = Release|Any CPU
		{60761731-120A-4BE2-9B0A-AEA2AD8BE100}.Debug|Any CPU.ActiveCfg = Debug|Any CPU
		{60761731-120A-4BE2-9B0A-AEA2AD8BE100}.Debug|Any CPU.Build.0 = Debug|Any CPU
		{60761731-120A-4BE2-9B0A-AEA2AD8BE100}.Release|Any CPU.ActiveCfg = Release|Any CPU
		{60761731-120A-4BE2-9B0A-AEA2AD8BE100}.Release|Any CPU.Build.0 = Release|Any CPU
	EndGlobalSection
	GlobalSection(SolutionProperties) = preSolution
		HideSolutionNode = FALSE
	EndGlobalSection
	GlobalSection(ExtensibilityGlobals) = postSolution
		SolutionGuid = {2214475D-A1C9-4458-9509-8664DD88A760}
	EndGlobalSection
EndGlobal
