
Microsoft Visual Studio Solution File, Format Version 12.00
# Visual Studio 14
VisualStudioVersion = 14.0.25420.1
MinimumVisualStudioVersion = 10.0.40219.1
Project("{8BC9CEB8-8B4A-11D0-8D11-00A0C91BC942}") = "main", "main\main.vcxproj", "{431C8E07-DE68-4EBC-A492-4C0BFE7DE9EA}"
	ProjectSection(ProjectDependencies) = postProject
		{E7CC6444-4657-440E-9D72-11FA1AF9F7AB} = {E7CC6444-4657-440E-9D72-11FA1AF9F7AB}
		{DE7A7850-57B4-4C41-B09D-9FE13B700BDA} = {DE7A7850-57B4-4C41-B09D-9FE13B700BDA}
	EndProjectSection
EndProject
Project("{8BC9CEB8-8B4A-11D0-8D11-00A0C91BC942}") = "shared_lib", "shared_lib\shared_lib.vcxproj", "{DE7A7850-57B4-4C41-B09D-9FE13B700BDA}"
	ProjectSection(ProjectDependencies) = postProject
		{E7CC6444-4657-440E-9D72-11FA1AF9F7AB} = {E7CC6444-4657-440E-9D72-11FA1AF9F7AB}
	EndProjectSection
EndProject
Project("{8BC9CEB8-8B4A-11D0-8D11-00A0C91BC942}") = "static_lib", "static_lib\static_lib.vcxproj", "{E7CC6444-4657-440E-9D72-11FA1AF9F7AB}"
EndProject
Project("{FAE04EC0-301F-11D3-BF4B-00C04F79EFBC}") = "csharp_app", "csharp_app\csharp_app.csproj", "{ED3AAFB3-2A35-4BC9-9EED-440F71B362BF}"
EndProject
Global
	GlobalSection(SolutionConfigurationPlatforms) = preSolution
		Debug|Any CPU = Debug|Any CPU
		Debug|x64 = Debug|x64
		Debug|x86 = Debug|x86
		Release|Any CPU = Release|Any CPU
		Release|x64 = Release|x64
		Release|x86 = Release|x86
	EndGlobalSection
	GlobalSection(ProjectConfigurationPlatforms) = postSolution
		{431C8E07-DE68-4EBC-A492-4C0BFE7DE9EA}.Debug|Any CPU.ActiveCfg = Debug|Win32
		{431C8E07-DE68-4EBC-A492-4C0BFE7DE9EA}.Debug|x64.ActiveCfg = Debug|x64
		{431C8E07-DE68-4EBC-A492-4C0BFE7DE9EA}.Debug|x64.Build.0 = Debug|x64
		{431C8E07-DE68-4EBC-A492-4C0BFE7DE9EA}.Debug|x86.ActiveCfg = Debug|Win32
		{431C8E07-DE68-4EBC-A492-4C0BFE7DE9EA}.Debug|x86.Build.0 = Debug|Win32
		{431C8E07-DE68-4EBC-A492-4C0BFE7DE9EA}.Release|Any CPU.ActiveCfg = Release|Win32
		{431C8E07-DE68-4EBC-A492-4C0BFE7DE9EA}.Release|x64.ActiveCfg = Release|x64
		{431C8E07-DE68-4EBC-A492-4C0BFE7DE9EA}.Release|x64.Build.0 = Release|x64
		{431C8E07-DE68-4EBC-A492-4C0BFE7DE9EA}.Release|x86.ActiveCfg = Release|Win32
		{431C8E07-DE68-4EBC-A492-4C0BFE7DE9EA}.Release|x86.Build.0 = Release|Win32
		{DE7A7850-57B4-4C41-B09D-9FE13B700BDA}.Debug|Any CPU.ActiveCfg = Debug|Win32
		{DE7A7850-57B4-4C41-B09D-9FE13B700BDA}.Debug|x64.ActiveCfg = Debug|x64
		{DE7A7850-57B4-4C41-B09D-9FE13B700BDA}.Debug|x64.Build.0 = Debug|x64
		{DE7A7850-57B4-4C41-B09D-9FE13B700BDA}.Debug|x86.ActiveCfg = Debug|Win32
		{DE7A7850-57B4-4C41-B09D-9FE13B700BDA}.Debug|x86.Build.0 = Debug|Win32
		{DE7A7850-57B4-4C41-B09D-9FE13B700BDA}.Release|Any CPU.ActiveCfg = Release|Win32
		{DE7A7850-57B4-4C41-B09D-9FE13B700BDA}.Release|x64.ActiveCfg = Release|x64
		{DE7A7850-57B4-4C41-B09D-9FE13B700BDA}.Release|x64.Build.0 = Release|x64
		{DE7A7850-57B4-4C41-B09D-9FE13B700BDA}.Release|x86.ActiveCfg = Release|Win32
		{DE7A7850-57B4-4C41-B09D-9FE13B700BDA}.Release|x86.Build.0 = Release|Win32
		{E7CC6444-4657-440E-9D72-11FA1AF9F7AB}.Debug|Any CPU.ActiveCfg = Debug|Win32
		{E7CC6444-4657-440E-9D72-11FA1AF9F7AB}.Debug|x64.ActiveCfg = Debug|x64
		{E7CC6444-4657-440E-9D72-11FA1AF9F7AB}.Debug|x64.Build.0 = Debug|x64
		{E7CC6444-4657-440E-9D72-11FA1AF9F7AB}.Debug|x86.ActiveCfg = Debug|Win32
		{E7CC6444-4657-440E-9D72-11FA1AF9F7AB}.Debug|x86.Build.0 = Debug|Win32
		{E7CC6444-4657-440E-9D72-11FA1AF9F7AB}.Release|Any CPU.ActiveCfg = Release|Win32
		{E7CC6444-4657-440E-9D72-11FA1AF9F7AB}.Release|x64.ActiveCfg = Release|x64
		{E7CC6444-4657-440E-9D72-11FA1AF9F7AB}.Release|x64.Build.0 = Release|x64
		{E7CC6444-4657-440E-9D72-11FA1AF9F7AB}.Release|x86.ActiveCfg = Release|Win32
		{E7CC6444-4657-440E-9D72-11FA1AF9F7AB}.Release|x86.Build.0 = Release|Win32
		{ED3AAFB3-2A35-4BC9-9EED-440F71B362BF}.Debug|Any CPU.ActiveCfg = Debug|Any CPU
		{ED3AAFB3-2A35-4BC9-9EED-440F71B362BF}.Debug|Any CPU.Build.0 = Debug|Any CPU
		{ED3AAFB3-2A35-4BC9-9EED-440F71B362BF}.Debug|x64.ActiveCfg = Debug|x64
		{ED3AAFB3-2A35-4BC9-9EED-440F71B362BF}.Debug|x64.Build.0 = Debug|x64
		{ED3AAFB3-2A35-4BC9-9EED-440F71B362BF}.Debug|x86.ActiveCfg = Debug|Any CPU
		{ED3AAFB3-2A35-4BC9-9EED-440F71B362BF}.Debug|x86.Build.0 = Debug|Any CPU
		{ED3AAFB3-2A35-4BC9-9EED-440F71B362BF}.Release|Any CPU.ActiveCfg = Release|Any CPU
		{ED3AAFB3-2A35-4BC9-9EED-440F71B362BF}.Release|Any CPU.Build.0 = Release|Any CPU
		{ED3AAFB3-2A35-4BC9-9EED-440F71B362BF}.Release|x64.ActiveCfg = Release|x64
		{ED3AAFB3-2A35-4BC9-9EED-440F71B362BF}.Release|x64.Build.0 = Release|x64
		{ED3AAFB3-2A35-4BC9-9EED-440F71B362BF}.Release|x86.ActiveCfg = Release|Any CPU
		{ED3AAFB3-2A35-4BC9-9EED-440F71B362BF}.Release|x86.Build.0 = Release|Any CPU
	EndGlobalSection
	GlobalSection(SolutionProperties) = preSolution
		HideSolutionNode = FALSE
	EndGlobalSection
EndGlobal
